// !$*UTF8*$!
{
	archiveVersion = 1;
	classes = {
	};
	objectVersion = 56;
	objects = {

/* Begin PBXBuildFile section */
		8D13CDCF29B2E20D004E689D /* CoreDataManager.swift in Sources */ = {isa = PBXBuildFile; fileRef = 8D13CDCE29B2E20D004E689D /* CoreDataManager.swift */; };
		8D23399529B48AED00DC484E /* Mocks.swift in Sources */ = {isa = PBXBuildFile; fileRef = 8D23399429B48AED00DC484E /* Mocks.swift */; };
		8D23399729B48D3700DC484E /* MatchListViewModelTests.swift in Sources */ = {isa = PBXBuildFile; fileRef = 8D23399629B48D3700DC484E /* MatchListViewModelTests.swift */; };
		8D23399929B492DB00DC484E /* TeamListServiceTests.swift in Sources */ = {isa = PBXBuildFile; fileRef = 8D23399829B492DB00DC484E /* TeamListServiceTests.swift */; };
		8D23399C29B493FE00DC484E /* OHHTTPStubs in Frameworks */ = {isa = PBXBuildFile; productRef = 8D23399B29B493FE00DC484E /* OHHTTPStubs */; };
		8D23399E29B4955000DC484E /* OHHTTPStubsSwift in Frameworks */ = {isa = PBXBuildFile; productRef = 8D23399D29B4955000DC484E /* OHHTTPStubsSwift */; };
		8D2339A229B495C000DC484E /* teams.json in Resources */ = {isa = PBXBuildFile; fileRef = 8D2339A029B495C000DC484E /* teams.json */; };
		8D2339A329B495C000DC484E /* matches.json in Resources */ = {isa = PBXBuildFile; fileRef = 8D2339A129B495C000DC484E /* matches.json */; };
		8D2339A529B497AD00DC484E /* error.json in Resources */ = {isa = PBXBuildFile; fileRef = 8D2339A429B497AD00DC484E /* error.json */; };
		8D34121A29B2DB4B00CE90AA /* UIImage+Extension.swift in Sources */ = {isa = PBXBuildFile; fileRef = 8D34121929B2DB4B00CE90AA /* UIImage+Extension.swift */; };
		8D3E4C3029AEFA550052B4A6 /* AppDelegate.swift in Sources */ = {isa = PBXBuildFile; fileRef = 8D3E4C2F29AEFA550052B4A6 /* AppDelegate.swift */; };
		8D3E4C3229AEFA550052B4A6 /* SceneDelegate.swift in Sources */ = {isa = PBXBuildFile; fileRef = 8D3E4C3129AEFA550052B4A6 /* SceneDelegate.swift */; };
		8D3E4C3429AEFA550052B4A6 /* MainTabBarController.swift in Sources */ = {isa = PBXBuildFile; fileRef = 8D3E4C3329AEFA550052B4A6 /* MainTabBarController.swift */; };
		8D3E4C3A29AEFA550052B4A6 /* ios_football_app.xcdatamodeld in Sources */ = {isa = PBXBuildFile; fileRef = 8D3E4C3829AEFA550052B4A6 /* ios_football_app.xcdatamodeld */; };
		8D3E4C3C29AEFA560052B4A6 /* Assets.xcassets in Resources */ = {isa = PBXBuildFile; fileRef = 8D3E4C3B29AEFA560052B4A6 /* Assets.xcassets */; };
		8D3E4C3F29AEFA560052B4A6 /* LaunchScreen.storyboard in Resources */ = {isa = PBXBuildFile; fileRef = 8D3E4C3D29AEFA560052B4A6 /* LaunchScreen.storyboard */; };
		8D3E4C4A29AF00D60052B4A6 /* MatchListController.swift in Sources */ = {isa = PBXBuildFile; fileRef = 8D3E4C4929AF00D60052B4A6 /* MatchListController.swift */; };
		8D4FF1C129B3273D0062FE64 /* SDWebImage in Frameworks */ = {isa = PBXBuildFile; productRef = 8D4FF1C029B3273D0062FE64 /* SDWebImage */; };
		8D65538D29B07B2000943793 /* TeamListController.swift in Sources */ = {isa = PBXBuildFile; fileRef = 8D65538C29B07B2000943793 /* TeamListController.swift */; };
		8D65538F29B213B700943793 /* TeamListService.swift in Sources */ = {isa = PBXBuildFile; fileRef = 8D65538E29B213B700943793 /* TeamListService.swift */; };
		8D65539129B21BAD00943793 /* TeamListViewModel.swift in Sources */ = {isa = PBXBuildFile; fileRef = 8D65539029B21BAD00943793 /* TeamListViewModel.swift */; };
		8D65539329B2246F00943793 /* MatchListService.swift in Sources */ = {isa = PBXBuildFile; fileRef = 8D65539229B2246F00943793 /* MatchListService.swift */; };
		8D65539529B2249F00943793 /* FilterScope.swift in Sources */ = {isa = PBXBuildFile; fileRef = 8D65539429B2249F00943793 /* FilterScope.swift */; };
		8D65539729B224B400943793 /* MatchListViewModel.swift in Sources */ = {isa = PBXBuildFile; fileRef = 8D65539629B224B400943793 /* MatchListViewModel.swift */; };
		8D65539929B224ED00943793 /* MatchesResponse.swift in Sources */ = {isa = PBXBuildFile; fileRef = 8D65539829B224ED00943793 /* MatchesResponse.swift */; };
		8D65539B29B2251A00943793 /* MatchHelper.swift in Sources */ = {isa = PBXBuildFile; fileRef = 8D65539A29B2251A00943793 /* MatchHelper.swift */; };
		8D65539D29B2252E00943793 /* TeamsResponse.swift in Sources */ = {isa = PBXBuildFile; fileRef = 8D65539C29B2252E00943793 /* TeamsResponse.swift */; };
		8D65539F29B2256300943793 /* TeamView.swift in Sources */ = {isa = PBXBuildFile; fileRef = 8D65539E29B2256300943793 /* TeamView.swift */; };
		8D6553A129B2258600943793 /* DateView.swift in Sources */ = {isa = PBXBuildFile; fileRef = 8D6553A029B2258600943793 /* DateView.swift */; };
		8D6553A329B225D500943793 /* MatchCell.swift in Sources */ = {isa = PBXBuildFile; fileRef = 8D6553A229B225D500943793 /* MatchCell.swift */; };
		8D6553AB29B2278B00943793 /* TeamCell.swift in Sources */ = {isa = PBXBuildFile; fileRef = 8D6553AA29B2278B00943793 /* TeamCell.swift */; };
		8D6553B129B2A36400943793 /* TeamDetailViewModel.swift in Sources */ = {isa = PBXBuildFile; fileRef = 8D6553B029B2A36400943793 /* TeamDetailViewModel.swift */; };
		8D6553B329B2A39E00943793 /* TeamDetailDataSource.swift in Sources */ = {isa = PBXBuildFile; fileRef = 8D6553B229B2A39E00943793 /* TeamDetailDataSource.swift */; };
		8D6553B529B2A3B900943793 /* TeamDetailController.swift in Sources */ = {isa = PBXBuildFile; fileRef = 8D6553B429B2A3B900943793 /* TeamDetailController.swift */; };
		8D6553B729B2A3DB00943793 /* TeamStatsCell.swift in Sources */ = {isa = PBXBuildFile; fileRef = 8D6553B629B2A3DB00943793 /* TeamStatsCell.swift */; };
		8D6553B929B2A40100943793 /* TeamStats.swift in Sources */ = {isa = PBXBuildFile; fileRef = 8D6553B829B2A40100943793 /* TeamStats.swift */; };
		8DC5B43229AF7F3F00A1E294 /* SpacerView.swift in Sources */ = {isa = PBXBuildFile; fileRef = 8DC5B43129AF7F3F00A1E294 /* SpacerView.swift */; };
		8DC5B43529AF91AD00A1E294 /* SDWebImage in Frameworks */ = {isa = PBXBuildFile; productRef = 8DC5B43429AF91AD00A1E294 /* SDWebImage */; };
		8DCD28E129B3260400EE4015 /* TeamListViewModelTests.swift in Sources */ = {isa = PBXBuildFile; fileRef = 8DCD28E029B3260400EE4015 /* TeamListViewModelTests.swift */; };
		8DCD28E829B3261A00EE4015 /* SnapshotTests.swift in Sources */ = {isa = PBXBuildFile; fileRef = 8DCD28E729B3261A00EE4015 /* SnapshotTests.swift */; };
		8DCD28EE29B326C000EE4015 /* SnapshotTesting in Frameworks */ = {isa = PBXBuildFile; productRef = 8DCD28ED29B326C000EE4015 /* SnapshotTesting */; };
		8DE1B7C929B4F6EE0072E827 /* MatchHelperTests.swift in Sources */ = {isa = PBXBuildFile; fileRef = 8DE1B7C829B4F6EE0072E827 /* MatchHelperTests.swift */; };
/* End PBXBuildFile section */

/* Begin PBXContainerItemProxy section */
		8DCD28E229B3260400EE4015 /* PBXContainerItemProxy */ = {
			isa = PBXContainerItemProxy;
			containerPortal = 8D3E4C2429AEFA550052B4A6 /* Project object */;
			proxyType = 1;
			remoteGlobalIDString = 8D3E4C2B29AEFA550052B4A6;
			remoteInfo = "ios-football-app";
		};
/* End PBXContainerItemProxy section */

/* Begin PBXFileReference section */
		8D13CDCE29B2E20D004E689D /* CoreDataManager.swift */ = {isa = PBXFileReference; lastKnownFileType = sourcecode.swift; path = CoreDataManager.swift; sourceTree = "<group>"; };
		8D23399429B48AED00DC484E /* Mocks.swift */ = {isa = PBXFileReference; lastKnownFileType = sourcecode.swift; path = Mocks.swift; sourceTree = "<group>"; };
		8D23399629B48D3700DC484E /* MatchListViewModelTests.swift */ = {isa = PBXFileReference; lastKnownFileType = sourcecode.swift; path = MatchListViewModelTests.swift; sourceTree = "<group>"; };
		8D23399829B492DB00DC484E /* TeamListServiceTests.swift */ = {isa = PBXFileReference; lastKnownFileType = sourcecode.swift; path = TeamListServiceTests.swift; sourceTree = "<group>"; };
		8D2339A029B495C000DC484E /* teams.json */ = {isa = PBXFileReference; fileEncoding = 4; lastKnownFileType = text.json; path = teams.json; sourceTree = "<group>"; };
		8D2339A129B495C000DC484E /* matches.json */ = {isa = PBXFileReference; fileEncoding = 4; lastKnownFileType = text.json; path = matches.json; sourceTree = "<group>"; };
		8D2339A429B497AD00DC484E /* error.json */ = {isa = PBXFileReference; lastKnownFileType = text.json; path = error.json; sourceTree = "<group>"; };
		8D34121929B2DB4B00CE90AA /* UIImage+Extension.swift */ = {isa = PBXFileReference; fileEncoding = 4; lastKnownFileType = sourcecode.swift; path = "UIImage+Extension.swift"; sourceTree = "<group>"; };
		8D3E4C2C29AEFA550052B4A6 /* ios-football-app.app */ = {isa = PBXFileReference; explicitFileType = wrapper.application; includeInIndex = 0; path = "ios-football-app.app"; sourceTree = BUILT_PRODUCTS_DIR; };
		8D3E4C2F29AEFA550052B4A6 /* AppDelegate.swift */ = {isa = PBXFileReference; lastKnownFileType = sourcecode.swift; path = AppDelegate.swift; sourceTree = "<group>"; };
		8D3E4C3129AEFA550052B4A6 /* SceneDelegate.swift */ = {isa = PBXFileReference; lastKnownFileType = sourcecode.swift; path = SceneDelegate.swift; sourceTree = "<group>"; };
		8D3E4C3329AEFA550052B4A6 /* MainTabBarController.swift */ = {isa = PBXFileReference; lastKnownFileType = sourcecode.swift; path = MainTabBarController.swift; sourceTree = "<group>"; };
		8D3E4C3929AEFA550052B4A6 /* ios_football_app.xcdatamodel */ = {isa = PBXFileReference; lastKnownFileType = wrapper.xcdatamodel; path = ios_football_app.xcdatamodel; sourceTree = "<group>"; };
		8D3E4C3B29AEFA560052B4A6 /* Assets.xcassets */ = {isa = PBXFileReference; lastKnownFileType = folder.assetcatalog; path = Assets.xcassets; sourceTree = "<group>"; };
		8D3E4C3E29AEFA560052B4A6 /* Base */ = {isa = PBXFileReference; lastKnownFileType = file.storyboard; name = Base; path = Base.lproj/LaunchScreen.storyboard; sourceTree = "<group>"; };
		8D3E4C4029AEFA560052B4A6 /* Info.plist */ = {isa = PBXFileReference; lastKnownFileType = text.plist.xml; path = Info.plist; sourceTree = "<group>"; };
		8D3E4C4929AF00D60052B4A6 /* MatchListController.swift */ = {isa = PBXFileReference; lastKnownFileType = sourcecode.swift; path = MatchListController.swift; sourceTree = "<group>"; wrapsLines = 0; };
		8D65538C29B07B2000943793 /* TeamListController.swift */ = {isa = PBXFileReference; lastKnownFileType = sourcecode.swift; path = TeamListController.swift; sourceTree = "<group>"; };
		8D65538E29B213B700943793 /* TeamListService.swift */ = {isa = PBXFileReference; lastKnownFileType = sourcecode.swift; path = TeamListService.swift; sourceTree = "<group>"; };
		8D65539029B21BAD00943793 /* TeamListViewModel.swift */ = {isa = PBXFileReference; lastKnownFileType = sourcecode.swift; path = TeamListViewModel.swift; sourceTree = "<group>"; };
		8D65539229B2246F00943793 /* MatchListService.swift */ = {isa = PBXFileReference; lastKnownFileType = sourcecode.swift; path = MatchListService.swift; sourceTree = "<group>"; };
		8D65539429B2249F00943793 /* FilterScope.swift */ = {isa = PBXFileReference; lastKnownFileType = sourcecode.swift; path = FilterScope.swift; sourceTree = "<group>"; };
		8D65539629B224B400943793 /* MatchListViewModel.swift */ = {isa = PBXFileReference; lastKnownFileType = sourcecode.swift; path = MatchListViewModel.swift; sourceTree = "<group>"; };
		8D65539829B224ED00943793 /* MatchesResponse.swift */ = {isa = PBXFileReference; lastKnownFileType = sourcecode.swift; path = MatchesResponse.swift; sourceTree = "<group>"; };
		8D65539A29B2251A00943793 /* MatchHelper.swift */ = {isa = PBXFileReference; lastKnownFileType = sourcecode.swift; path = MatchHelper.swift; sourceTree = "<group>"; };
		8D65539C29B2252E00943793 /* TeamsResponse.swift */ = {isa = PBXFileReference; lastKnownFileType = sourcecode.swift; path = TeamsResponse.swift; sourceTree = "<group>"; };
		8D65539E29B2256300943793 /* TeamView.swift */ = {isa = PBXFileReference; lastKnownFileType = sourcecode.swift; path = TeamView.swift; sourceTree = "<group>"; };
		8D6553A029B2258600943793 /* DateView.swift */ = {isa = PBXFileReference; lastKnownFileType = sourcecode.swift; path = DateView.swift; sourceTree = "<group>"; };
		8D6553A229B225D500943793 /* MatchCell.swift */ = {isa = PBXFileReference; lastKnownFileType = sourcecode.swift; path = MatchCell.swift; sourceTree = "<group>"; };
		8D6553AA29B2278B00943793 /* TeamCell.swift */ = {isa = PBXFileReference; lastKnownFileType = sourcecode.swift; path = TeamCell.swift; sourceTree = "<group>"; };
		8D6553B029B2A36400943793 /* TeamDetailViewModel.swift */ = {isa = PBXFileReference; lastKnownFileType = sourcecode.swift; path = TeamDetailViewModel.swift; sourceTree = "<group>"; };
		8D6553B229B2A39E00943793 /* TeamDetailDataSource.swift */ = {isa = PBXFileReference; lastKnownFileType = sourcecode.swift; path = TeamDetailDataSource.swift; sourceTree = "<group>"; };
		8D6553B429B2A3B900943793 /* TeamDetailController.swift */ = {isa = PBXFileReference; lastKnownFileType = sourcecode.swift; path = TeamDetailController.swift; sourceTree = "<group>"; };
		8D6553B629B2A3DB00943793 /* TeamStatsCell.swift */ = {isa = PBXFileReference; lastKnownFileType = sourcecode.swift; path = TeamStatsCell.swift; sourceTree = "<group>"; };
		8D6553B829B2A40100943793 /* TeamStats.swift */ = {isa = PBXFileReference; lastKnownFileType = sourcecode.swift; path = TeamStats.swift; sourceTree = "<group>"; };
		8DC5B43129AF7F3F00A1E294 /* SpacerView.swift */ = {isa = PBXFileReference; lastKnownFileType = sourcecode.swift; path = SpacerView.swift; sourceTree = "<group>"; };
		8DCD28DE29B3260400EE4015 /* ios-football-appTests.xctest */ = {isa = PBXFileReference; explicitFileType = wrapper.cfbundle; includeInIndex = 0; path = "ios-football-appTests.xctest"; sourceTree = BUILT_PRODUCTS_DIR; };
		8DCD28E029B3260400EE4015 /* TeamListViewModelTests.swift */ = {isa = PBXFileReference; lastKnownFileType = sourcecode.swift; path = TeamListViewModelTests.swift; sourceTree = "<group>"; };
		8DCD28E729B3261A00EE4015 /* SnapshotTests.swift */ = {isa = PBXFileReference; lastKnownFileType = sourcecode.swift; path = SnapshotTests.swift; sourceTree = "<group>"; };
		8DE1B7C829B4F6EE0072E827 /* MatchHelperTests.swift */ = {isa = PBXFileReference; lastKnownFileType = sourcecode.swift; path = MatchHelperTests.swift; sourceTree = "<group>"; };
/* End PBXFileReference section */

/* Begin PBXFrameworksBuildPhase section */
		8D3E4C2929AEFA550052B4A6 /* Frameworks */ = {
			isa = PBXFrameworksBuildPhase;
			buildActionMask = 2147483647;
			files = (
				8DC5B43529AF91AD00A1E294 /* SDWebImage in Frameworks */,
			);
			runOnlyForDeploymentPostprocessing = 0;
		};
		8DCD28DB29B3260400EE4015 /* Frameworks */ = {
			isa = PBXFrameworksBuildPhase;
			buildActionMask = 2147483647;
			files = (
				8D4FF1C129B3273D0062FE64 /* SDWebImage in Frameworks */,
				8D23399E29B4955000DC484E /* OHHTTPStubsSwift in Frameworks */,
				8D23399C29B493FE00DC484E /* OHHTTPStubs in Frameworks */,
				8DCD28EE29B326C000EE4015 /* SnapshotTesting in Frameworks */,
			);
			runOnlyForDeploymentPostprocessing = 0;
		};
/* End PBXFrameworksBuildPhase section */

/* Begin PBXGroup section */
		8D13CDCD29B2E203004E689D /* Service */ = {
			isa = PBXGroup;
			children = (
				8D13CDCE29B2E20D004E689D /* CoreDataManager.swift */,
			);
			path = Service;
			sourceTree = "<group>";
		};
		8D23399F29B4956A00DC484E /* Json */ = {
			isa = PBXGroup;
			children = (
				8D2339A129B495C000DC484E /* matches.json */,
				8D2339A029B495C000DC484E /* teams.json */,
				8D2339A429B497AD00DC484E /* error.json */,
			);
			path = Json;
			sourceTree = "<group>";
		};
		8D34121829B2DB4B00CE90AA /* Extensions */ = {
			isa = PBXGroup;
			children = (
				8D34121929B2DB4B00CE90AA /* UIImage+Extension.swift */,
			);
			path = Extensions;
			sourceTree = "<group>";
		};
		8D34121B29B2DB5700CE90AA /* Supporting Files */ = {
			isa = PBXGroup;
			children = (
				8D3E4C3D29AEFA560052B4A6 /* LaunchScreen.storyboard */,
				8D3E4C2F29AEFA550052B4A6 /* AppDelegate.swift */,
				8D3E4C3129AEFA550052B4A6 /* SceneDelegate.swift */,
			);
			path = "Supporting Files";
			sourceTree = "<group>";
		};
		8D34121C29B2DB8A00CE90AA /* Resource */ = {
			isa = PBXGroup;
			children = (
				8D3E4C3B29AEFA560052B4A6 /* Assets.xcassets */,
			);
			path = Resource;
			sourceTree = "<group>";
		};
		8D3E4C2329AEFA550052B4A6 = {
			isa = PBXGroup;
			children = (
				8D3E4C2E29AEFA550052B4A6 /* ios-football-app */,
				8DCD28DF29B3260400EE4015 /* ios-football-appTests */,
				8D3E4C2D29AEFA550052B4A6 /* Products */,
				8DCD28EC29B326C000EE4015 /* Frameworks */,
			);
			sourceTree = "<group>";
		};
		8D3E4C2D29AEFA550052B4A6 /* Products */ = {
			isa = PBXGroup;
			children = (
				8D3E4C2C29AEFA550052B4A6 /* ios-football-app.app */,
				8DCD28DE29B3260400EE4015 /* ios-football-appTests.xctest */,
			);
			name = Products;
			sourceTree = "<group>";
		};
		8D3E4C2E29AEFA550052B4A6 /* ios-football-app */ = {
			isa = PBXGroup;
			children = (
				8D13CDCD29B2E203004E689D /* Service */,
				8D34121829B2DB4B00CE90AA /* Extensions */,
				8D3E4C4029AEFA560052B4A6 /* Info.plist */,
				8D3E4C3829AEFA550052B4A6 /* ios_football_app.xcdatamodeld */,
				8D3E4C4729AF001A0052B4A6 /* MatchList */,
				8D34121C29B2DB8A00CE90AA /* Resource */,
				8D34121B29B2DB5700CE90AA /* Supporting Files */,
				8D3E4C4629AEFFF70052B4A6 /* TabBarController */,
				8D6553AC29B2A27B00943793 /* TeamDetail */,
				8D3E4C4829AF00200052B4A6 /* TeamList */,
				8DC5B43029AF7F3500A1E294 /* View */,
			);
			path = "ios-football-app";
			sourceTree = "<group>";
		};
		8D3E4C4629AEFFF70052B4A6 /* TabBarController */ = {
			isa = PBXGroup;
			children = (
				8D3E4C3329AEFA550052B4A6 /* MainTabBarController.swift */,
			);
			path = TabBarController;
			sourceTree = "<group>";
		};
		8D3E4C4729AF001A0052B4A6 /* MatchList */ = {
			isa = PBXGroup;
			children = (
				8D65539429B2249F00943793 /* FilterScope.swift */,
				8D6553A229B225D500943793 /* MatchCell.swift */,
				8D65539829B224ED00943793 /* MatchesResponse.swift */,
				8D65539A29B2251A00943793 /* MatchHelper.swift */,
				8D3E4C4929AF00D60052B4A6 /* MatchListController.swift */,
				8D65539229B2246F00943793 /* MatchListService.swift */,
				8D65539629B224B400943793 /* MatchListViewModel.swift */,
			);
			path = MatchList;
			sourceTree = "<group>";
		};
		8D3E4C4829AF00200052B4A6 /* TeamList */ = {
			isa = PBXGroup;
			children = (
				8D65538E29B213B700943793 /* TeamListService.swift */,
				8D65538C29B07B2000943793 /* TeamListController.swift */,
				8D65539C29B2252E00943793 /* TeamsResponse.swift */,
				8D65539029B21BAD00943793 /* TeamListViewModel.swift */,
				8D6553AA29B2278B00943793 /* TeamCell.swift */,
			);
			path = TeamList;
			sourceTree = "<group>";
		};
		8D6553AC29B2A27B00943793 /* TeamDetail */ = {
			isa = PBXGroup;
			children = (
				8D6553B429B2A3B900943793 /* TeamDetailController.swift */,
				8D6553B229B2A39E00943793 /* TeamDetailDataSource.swift */,
				8D6553B029B2A36400943793 /* TeamDetailViewModel.swift */,
				8D6553B829B2A40100943793 /* TeamStats.swift */,
				8D6553B629B2A3DB00943793 /* TeamStatsCell.swift */,
			);
			path = TeamDetail;
			sourceTree = "<group>";
		};
		8DC5B43029AF7F3500A1E294 /* View */ = {
			isa = PBXGroup;
			children = (
				8D6553A029B2258600943793 /* DateView.swift */,
				8DC5B43129AF7F3F00A1E294 /* SpacerView.swift */,
				8D65539E29B2256300943793 /* TeamView.swift */,
			);
			path = View;
			sourceTree = "<group>";
		};
		8DCD28DF29B3260400EE4015 /* ios-football-appTests */ = {
			isa = PBXGroup;
			children = (
				8D23399F29B4956A00DC484E /* Json */,
				8D23399429B48AED00DC484E /* Mocks.swift */,
				8D23399629B48D3700DC484E /* MatchListViewModelTests.swift */,
				8DCD28E729B3261A00EE4015 /* SnapshotTests.swift */,
				8DCD28E029B3260400EE4015 /* TeamListViewModelTests.swift */,
				8D23399829B492DB00DC484E /* TeamListServiceTests.swift */,
				8DE1B7C829B4F6EE0072E827 /* MatchHelperTests.swift */,
			);
			path = "ios-football-appTests";
			sourceTree = "<group>";
		};
		8DCD28EC29B326C000EE4015 /* Frameworks */ = {
			isa = PBXGroup;
			children = (
			);
			name = Frameworks;
			sourceTree = "<group>";
		};
/* End PBXGroup section */

/* Begin PBXNativeTarget section */
		8D3E4C2B29AEFA550052B4A6 /* ios-football-app */ = {
			isa = PBXNativeTarget;
			buildConfigurationList = 8D3E4C4329AEFA560052B4A6 /* Build configuration list for PBXNativeTarget "ios-football-app" */;
			buildPhases = (
				8D3E4C2829AEFA550052B4A6 /* Sources */,
				8D3E4C2929AEFA550052B4A6 /* Frameworks */,
				8D3E4C2A29AEFA550052B4A6 /* Resources */,
			);
			buildRules = (
			);
			dependencies = (
			);
			name = "ios-football-app";
			packageProductDependencies = (
				8DC5B43429AF91AD00A1E294 /* SDWebImage */,
			);
			productName = "ios-football-app";
			productReference = 8D3E4C2C29AEFA550052B4A6 /* ios-football-app.app */;
			productType = "com.apple.product-type.application";
		};
		8DCD28DD29B3260400EE4015 /* ios-football-appTests */ = {
			isa = PBXNativeTarget;
			buildConfigurationList = 8DCD28E629B3260400EE4015 /* Build configuration list for PBXNativeTarget "ios-football-appTests" */;
			buildPhases = (
				8DCD28DA29B3260400EE4015 /* Sources */,
				8DCD28DB29B3260400EE4015 /* Frameworks */,
				8DCD28DC29B3260400EE4015 /* Resources */,
			);
			buildRules = (
			);
			dependencies = (
				8DCD28E329B3260400EE4015 /* PBXTargetDependency */,
			);
			name = "ios-football-appTests";
			packageProductDependencies = (
				8DCD28ED29B326C000EE4015 /* SnapshotTesting */,
				8D4FF1C029B3273D0062FE64 /* SDWebImage */,
				8D23399B29B493FE00DC484E /* OHHTTPStubs */,
				8D23399D29B4955000DC484E /* OHHTTPStubsSwift */,
			);
			productName = "ios-football-appTests";
			productReference = 8DCD28DE29B3260400EE4015 /* ios-football-appTests.xctest */;
			productType = "com.apple.product-type.bundle.unit-test";
		};
/* End PBXNativeTarget section */

/* Begin PBXProject section */
		8D3E4C2429AEFA550052B4A6 /* Project object */ = {
			isa = PBXProject;
			attributes = {
				BuildIndependentTargetsInParallel = 1;
				LastSwiftUpdateCheck = 1420;
				LastUpgradeCheck = 1420;
				TargetAttributes = {
					8D3E4C2B29AEFA550052B4A6 = {
						CreatedOnToolsVersion = 14.2;
					};
					8DCD28DD29B3260400EE4015 = {
						CreatedOnToolsVersion = 14.2;
						TestTargetID = 8D3E4C2B29AEFA550052B4A6;
					};
				};
			};
			buildConfigurationList = 8D3E4C2729AEFA550052B4A6 /* Build configuration list for PBXProject "ios-football-app" */;
			compatibilityVersion = "Xcode 14.0";
			developmentRegion = en;
			hasScannedForEncodings = 0;
			knownRegions = (
				en,
				Base,
			);
			mainGroup = 8D3E4C2329AEFA550052B4A6;
			packageReferences = (
				8DC5B43329AF91AD00A1E294 /* XCRemoteSwiftPackageReference "SDWebImage" */,
				8DCD28E929B3265500EE4015 /* XCRemoteSwiftPackageReference "swift-snapshot-testing" */,
				8D23399A29B493FE00DC484E /* XCRemoteSwiftPackageReference "OHHTTPStubs" */,
			);
			productRefGroup = 8D3E4C2D29AEFA550052B4A6 /* Products */;
			projectDirPath = "";
			projectRoot = "";
			targets = (
				8D3E4C2B29AEFA550052B4A6 /* ios-football-app */,
				8DCD28DD29B3260400EE4015 /* ios-football-appTests */,
			);
		};
/* End PBXProject section */

/* Begin PBXResourcesBuildPhase section */
		8D3E4C2A29AEFA550052B4A6 /* Resources */ = {
			isa = PBXResourcesBuildPhase;
			buildActionMask = 2147483647;
			files = (
				8D3E4C3F29AEFA560052B4A6 /* LaunchScreen.storyboard in Resources */,
				8D3E4C3C29AEFA560052B4A6 /* Assets.xcassets in Resources */,
			);
			runOnlyForDeploymentPostprocessing = 0;
		};
		8DCD28DC29B3260400EE4015 /* Resources */ = {
			isa = PBXResourcesBuildPhase;
			buildActionMask = 2147483647;
			files = (
				8D2339A529B497AD00DC484E /* error.json in Resources */,
				8D2339A229B495C000DC484E /* teams.json in Resources */,
				8D2339A329B495C000DC484E /* matches.json in Resources */,
			);
			runOnlyForDeploymentPostprocessing = 0;
		};
/* End PBXResourcesBuildPhase section */

/* Begin PBXSourcesBuildPhase section */
		8D3E4C2829AEFA550052B4A6 /* Sources */ = {
			isa = PBXSourcesBuildPhase;
			buildActionMask = 2147483647;
			files = (
				8D6553B929B2A40100943793 /* TeamStats.swift in Sources */,
				8D3E4C3429AEFA550052B4A6 /* MainTabBarController.swift in Sources */,
				8DC5B43229AF7F3F00A1E294 /* SpacerView.swift in Sources */,
				8D3E4C3029AEFA550052B4A6 /* AppDelegate.swift in Sources */,
				8D6553B529B2A3B900943793 /* TeamDetailController.swift in Sources */,
				8D6553B729B2A3DB00943793 /* TeamStatsCell.swift in Sources */,
				8D65539D29B2252E00943793 /* TeamsResponse.swift in Sources */,
				8D3E4C3A29AEFA550052B4A6 /* ios_football_app.xcdatamodeld in Sources */,
				8D65539729B224B400943793 /* MatchListViewModel.swift in Sources */,
				8D65538F29B213B700943793 /* TeamListService.swift in Sources */,
				8D65539329B2246F00943793 /* MatchListService.swift in Sources */,
				8D65539B29B2251A00943793 /* MatchHelper.swift in Sources */,
				8D3E4C3229AEFA550052B4A6 /* SceneDelegate.swift in Sources */,
				8D6553A329B225D500943793 /* MatchCell.swift in Sources */,
				8D65539529B2249F00943793 /* FilterScope.swift in Sources */,
				8D65539F29B2256300943793 /* TeamView.swift in Sources */,
				8D65538D29B07B2000943793 /* TeamListController.swift in Sources */,
				8D34121A29B2DB4B00CE90AA /* UIImage+Extension.swift in Sources */,
				8D3E4C4A29AF00D60052B4A6 /* MatchListController.swift in Sources */,
				8D6553B129B2A36400943793 /* TeamDetailViewModel.swift in Sources */,
				8D13CDCF29B2E20D004E689D /* CoreDataManager.swift in Sources */,
				8D65539129B21BAD00943793 /* TeamListViewModel.swift in Sources */,
				8D6553AB29B2278B00943793 /* TeamCell.swift in Sources */,
				8D65539929B224ED00943793 /* MatchesResponse.swift in Sources */,
				8D6553A129B2258600943793 /* DateView.swift in Sources */,
				8D6553B329B2A39E00943793 /* TeamDetailDataSource.swift in Sources */,
			);
			runOnlyForDeploymentPostprocessing = 0;
		};
		8DCD28DA29B3260400EE4015 /* Sources */ = {
			isa = PBXSourcesBuildPhase;
			buildActionMask = 2147483647;
			files = (
				8D23399929B492DB00DC484E /* TeamListServiceTests.swift in Sources */,
				8D23399729B48D3700DC484E /* MatchListViewModelTests.swift in Sources */,
				8DCD28E129B3260400EE4015 /* TeamListViewModelTests.swift in Sources */,
				8DE1B7C929B4F6EE0072E827 /* MatchHelperTests.swift in Sources */,
				8D23399529B48AED00DC484E /* Mocks.swift in Sources */,
				8DCD28E829B3261A00EE4015 /* SnapshotTests.swift in Sources */,
			);
			runOnlyForDeploymentPostprocessing = 0;
		};
/* End PBXSourcesBuildPhase section */

/* Begin PBXTargetDependency section */
		8DCD28E329B3260400EE4015 /* PBXTargetDependency */ = {
			isa = PBXTargetDependency;
			target = 8D3E4C2B29AEFA550052B4A6 /* ios-football-app */;
			targetProxy = 8DCD28E229B3260400EE4015 /* PBXContainerItemProxy */;
		};
/* End PBXTargetDependency section */

/* Begin PBXVariantGroup section */
		8D3E4C3D29AEFA560052B4A6 /* LaunchScreen.storyboard */ = {
			isa = PBXVariantGroup;
			children = (
				8D3E4C3E29AEFA560052B4A6 /* Base */,
			);
			name = LaunchScreen.storyboard;
			sourceTree = "<group>";
		};
/* End PBXVariantGroup section */

/* Begin XCBuildConfiguration section */
		8D3E4C4129AEFA560052B4A6 /* Debug */ = {
			isa = XCBuildConfiguration;
			buildSettings = {
				ALWAYS_SEARCH_USER_PATHS = NO;
				CLANG_ANALYZER_NONNULL = YES;
				CLANG_ANALYZER_NUMBER_OBJECT_CONVERSION = YES_AGGRESSIVE;
				CLANG_CXX_LANGUAGE_STANDARD = "gnu++20";
				CLANG_ENABLE_MODULES = YES;
				CLANG_ENABLE_OBJC_ARC = YES;
				CLANG_ENABLE_OBJC_WEAK = YES;
				CLANG_WARN_BLOCK_CAPTURE_AUTORELEASING = YES;
				CLANG_WARN_BOOL_CONVERSION = YES;
				CLANG_WARN_COMMA = YES;
				CLANG_WARN_CONSTANT_CONVERSION = YES;
				CLANG_WARN_DEPRECATED_OBJC_IMPLEMENTATIONS = YES;
				CLANG_WARN_DIRECT_OBJC_ISA_USAGE = YES_ERROR;
				CLANG_WARN_DOCUMENTATION_COMMENTS = YES;
				CLANG_WARN_EMPTY_BODY = YES;
				CLANG_WARN_ENUM_CONVERSION = YES;
				CLANG_WARN_INFINITE_RECURSION = YES;
				CLANG_WARN_INT_CONVERSION = YES;
				CLANG_WARN_NON_LITERAL_NULL_CONVERSION = YES;
				CLANG_WARN_OBJC_IMPLICIT_RETAIN_SELF = YES;
				CLANG_WARN_OBJC_LITERAL_CONVERSION = YES;
				CLANG_WARN_OBJC_ROOT_CLASS = YES_ERROR;
				CLANG_WARN_QUOTED_INCLUDE_IN_FRAMEWORK_HEADER = YES;
				CLANG_WARN_RANGE_LOOP_ANALYSIS = YES;
				CLANG_WARN_STRICT_PROTOTYPES = YES;
				CLANG_WARN_SUSPICIOUS_MOVE = YES;
				CLANG_WARN_UNGUARDED_AVAILABILITY = YES_AGGRESSIVE;
				CLANG_WARN_UNREACHABLE_CODE = YES;
				CLANG_WARN__DUPLICATE_METHOD_MATCH = YES;
				COPY_PHASE_STRIP = NO;
				DEBUG_INFORMATION_FORMAT = dwarf;
				ENABLE_STRICT_OBJC_MSGSEND = YES;
				ENABLE_TESTABILITY = YES;
				GCC_C_LANGUAGE_STANDARD = gnu11;
				GCC_DYNAMIC_NO_PIC = NO;
				GCC_NO_COMMON_BLOCKS = YES;
				GCC_OPTIMIZATION_LEVEL = 0;
				GCC_PREPROCESSOR_DEFINITIONS = (
					"DEBUG=1",
					"$(inherited)",
				);
				GCC_WARN_64_TO_32_BIT_CONVERSION = YES;
				GCC_WARN_ABOUT_RETURN_TYPE = YES_ERROR;
				GCC_WARN_UNDECLARED_SELECTOR = YES;
				GCC_WARN_UNINITIALIZED_AUTOS = YES_AGGRESSIVE;
				GCC_WARN_UNUSED_FUNCTION = YES;
				GCC_WARN_UNUSED_VARIABLE = YES;
				IPHONEOS_DEPLOYMENT_TARGET = 16.2;
				MTL_ENABLE_DEBUG_INFO = INCLUDE_SOURCE;
				MTL_FAST_MATH = YES;
				ONLY_ACTIVE_ARCH = YES;
				SDKROOT = iphoneos;
				SWIFT_ACTIVE_COMPILATION_CONDITIONS = DEBUG;
				SWIFT_OPTIMIZATION_LEVEL = "-Onone";
			};
			name = Debug;
		};
		8D3E4C4229AEFA560052B4A6 /* Release */ = {
			isa = XCBuildConfiguration;
			buildSettings = {
				ALWAYS_SEARCH_USER_PATHS = NO;
				CLANG_ANALYZER_NONNULL = YES;
				CLANG_ANALYZER_NUMBER_OBJECT_CONVERSION = YES_AGGRESSIVE;
				CLANG_CXX_LANGUAGE_STANDARD = "gnu++20";
				CLANG_ENABLE_MODULES = YES;
				CLANG_ENABLE_OBJC_ARC = YES;
				CLANG_ENABLE_OBJC_WEAK = YES;
				CLANG_WARN_BLOCK_CAPTURE_AUTORELEASING = YES;
				CLANG_WARN_BOOL_CONVERSION = YES;
				CLANG_WARN_COMMA = YES;
				CLANG_WARN_CONSTANT_CONVERSION = YES;
				CLANG_WARN_DEPRECATED_OBJC_IMPLEMENTATIONS = YES;
				CLANG_WARN_DIRECT_OBJC_ISA_USAGE = YES_ERROR;
				CLANG_WARN_DOCUMENTATION_COMMENTS = YES;
				CLANG_WARN_EMPTY_BODY = YES;
				CLANG_WARN_ENUM_CONVERSION = YES;
				CLANG_WARN_INFINITE_RECURSION = YES;
				CLANG_WARN_INT_CONVERSION = YES;
				CLANG_WARN_NON_LITERAL_NULL_CONVERSION = YES;
				CLANG_WARN_OBJC_IMPLICIT_RETAIN_SELF = YES;
				CLANG_WARN_OBJC_LITERAL_CONVERSION = YES;
				CLANG_WARN_OBJC_ROOT_CLASS = YES_ERROR;
				CLANG_WARN_QUOTED_INCLUDE_IN_FRAMEWORK_HEADER = YES;
				CLANG_WARN_RANGE_LOOP_ANALYSIS = YES;
				CLANG_WARN_STRICT_PROTOTYPES = YES;
				CLANG_WARN_SUSPICIOUS_MOVE = YES;
				CLANG_WARN_UNGUARDED_AVAILABILITY = YES_AGGRESSIVE;
				CLANG_WARN_UNREACHABLE_CODE = YES;
				CLANG_WARN__DUPLICATE_METHOD_MATCH = YES;
				COPY_PHASE_STRIP = NO;
				DEBUG_INFORMATION_FORMAT = "dwarf-with-dsym";
				ENABLE_NS_ASSERTIONS = NO;
				ENABLE_STRICT_OBJC_MSGSEND = YES;
				GCC_C_LANGUAGE_STANDARD = gnu11;
				GCC_NO_COMMON_BLOCKS = YES;
				GCC_WARN_64_TO_32_BIT_CONVERSION = YES;
				GCC_WARN_ABOUT_RETURN_TYPE = YES_ERROR;
				GCC_WARN_UNDECLARED_SELECTOR = YES;
				GCC_WARN_UNINITIALIZED_AUTOS = YES_AGGRESSIVE;
				GCC_WARN_UNUSED_FUNCTION = YES;
				GCC_WARN_UNUSED_VARIABLE = YES;
				IPHONEOS_DEPLOYMENT_TARGET = 16.2;
				MTL_ENABLE_DEBUG_INFO = NO;
				MTL_FAST_MATH = YES;
				SDKROOT = iphoneos;
				SWIFT_COMPILATION_MODE = wholemodule;
				SWIFT_OPTIMIZATION_LEVEL = "-O";
				VALIDATE_PRODUCT = YES;
			};
			name = Release;
		};
		8D3E4C4429AEFA560052B4A6 /* Debug */ = {
			isa = XCBuildConfiguration;
			buildSettings = {
				ASSETCATALOG_COMPILER_APPICON_NAME = AppIcon;
				ASSETCATALOG_COMPILER_GLOBAL_ACCENT_COLOR_NAME = AccentColor;
				CODE_SIGN_STYLE = Automatic;
				CURRENT_PROJECT_VERSION = 1;
				GENERATE_INFOPLIST_FILE = YES;
				INFOPLIST_FILE = "ios-football-app/Info.plist";
				INFOPLIST_KEY_UIApplicationSupportsIndirectInputEvents = YES;
				INFOPLIST_KEY_UILaunchStoryboardName = LaunchScreen;
				INFOPLIST_KEY_UISupportedInterfaceOrientations_iPad = "UIInterfaceOrientationPortrait UIInterfaceOrientationPortraitUpsideDown UIInterfaceOrientationLandscapeLeft UIInterfaceOrientationLandscapeRight";
				INFOPLIST_KEY_UISupportedInterfaceOrientations_iPhone = "UIInterfaceOrientationPortrait UIInterfaceOrientationLandscapeLeft UIInterfaceOrientationLandscapeRight";
				LD_RUNPATH_SEARCH_PATHS = (
					"$(inherited)",
					"@executable_path/Frameworks",
				);
				MARKETING_VERSION = 1.0;
				PRODUCT_BUNDLE_IDENTIFIER = "com.ios-football-app";
				PRODUCT_NAME = "$(TARGET_NAME)";
				SWIFT_EMIT_LOC_STRINGS = YES;
				SWIFT_VERSION = 5.0;
				TARGETED_DEVICE_FAMILY = "1,2";
			};
			name = Debug;
		};
		8D3E4C4529AEFA560052B4A6 /* Release */ = {
			isa = XCBuildConfiguration;
			buildSettings = {
				ASSETCATALOG_COMPILER_APPICON_NAME = AppIcon;
				ASSETCATALOG_COMPILER_GLOBAL_ACCENT_COLOR_NAME = AccentColor;
				CODE_SIGN_STYLE = Automatic;
				CURRENT_PROJECT_VERSION = 1;
				GENERATE_INFOPLIST_FILE = YES;
				INFOPLIST_FILE = "ios-football-app/Info.plist";
				INFOPLIST_KEY_UIApplicationSupportsIndirectInputEvents = YES;
				INFOPLIST_KEY_UILaunchStoryboardName = LaunchScreen;
				INFOPLIST_KEY_UISupportedInterfaceOrientations_iPad = "UIInterfaceOrientationPortrait UIInterfaceOrientationPortraitUpsideDown UIInterfaceOrientationLandscapeLeft UIInterfaceOrientationLandscapeRight";
				INFOPLIST_KEY_UISupportedInterfaceOrientations_iPhone = "UIInterfaceOrientationPortrait UIInterfaceOrientationLandscapeLeft UIInterfaceOrientationLandscapeRight";
				LD_RUNPATH_SEARCH_PATHS = (
					"$(inherited)",
					"@executable_path/Frameworks",
				);
				MARKETING_VERSION = 1.0;
				PRODUCT_BUNDLE_IDENTIFIER = "com.ios-football-app";
				PRODUCT_NAME = "$(TARGET_NAME)";
				SWIFT_EMIT_LOC_STRINGS = YES;
				SWIFT_VERSION = 5.0;
				TARGETED_DEVICE_FAMILY = "1,2";
			};
			name = Release;
		};
		8DCD28E429B3260400EE4015 /* Debug */ = {
			isa = XCBuildConfiguration;
			buildSettings = {
				BUNDLE_LOADER = "$(TEST_HOST)";
				CODE_SIGN_STYLE = Automatic;
				CURRENT_PROJECT_VERSION = 1;
				GENERATE_INFOPLIST_FILE = YES;
				MARKETING_VERSION = 1.0;
				PRODUCT_BUNDLE_IDENTIFIER = "com.ios-football-appTests";
				PRODUCT_NAME = "$(TARGET_NAME)";
				SWIFT_EMIT_LOC_STRINGS = NO;
				SWIFT_VERSION = 5.0;
				TARGETED_DEVICE_FAMILY = "1,2";
				TEST_HOST = "$(BUILT_PRODUCTS_DIR)/ios-football-app.app/$(BUNDLE_EXECUTABLE_FOLDER_PATH)/ios-football-app";
			};
			name = Debug;
		};
		8DCD28E529B3260400EE4015 /* Release */ = {
			isa = XCBuildConfiguration;
			buildSettings = {
				BUNDLE_LOADER = "$(TEST_HOST)";
				CODE_SIGN_STYLE = Automatic;
				CURRENT_PROJECT_VERSION = 1;
				GENERATE_INFOPLIST_FILE = YES;
				MARKETING_VERSION = 1.0;
				PRODUCT_BUNDLE_IDENTIFIER = "com.ios-football-appTests";
				PRODUCT_NAME = "$(TARGET_NAME)";
				SWIFT_EMIT_LOC_STRINGS = NO;
				SWIFT_VERSION = 5.0;
				TARGETED_DEVICE_FAMILY = "1,2";
				TEST_HOST = "$(BUILT_PRODUCTS_DIR)/ios-football-app.app/$(BUNDLE_EXECUTABLE_FOLDER_PATH)/ios-football-app";
			};
			name = Release;
		};
/* End XCBuildConfiguration section */

/* Begin XCConfigurationList section */
		8D3E4C2729AEFA550052B4A6 /* Build configuration list for PBXProject "ios-football-app" */ = {
			isa = XCConfigurationList;
			buildConfigurations = (
				8D3E4C4129AEFA560052B4A6 /* Debug */,
				8D3E4C4229AEFA560052B4A6 /* Release */,
			);
			defaultConfigurationIsVisible = 0;
			defaultConfigurationName = Release;
		};
		8D3E4C4329AEFA560052B4A6 /* Build configuration list for PBXNativeTarget "ios-football-app" */ = {
			isa = XCConfigurationList;
			buildConfigurations = (
				8D3E4C4429AEFA560052B4A6 /* Debug */,
				8D3E4C4529AEFA560052B4A6 /* Release */,
			);
			defaultConfigurationIsVisible = 0;
			defaultConfigurationName = Release;
		};
		8DCD28E629B3260400EE4015 /* Build configuration list for PBXNativeTarget "ios-football-appTests" */ = {
			isa = XCConfigurationList;
			buildConfigurations = (
				8DCD28E429B3260400EE4015 /* Debug */,
				8DCD28E529B3260400EE4015 /* Release */,
			);
			defaultConfigurationIsVisible = 0;
			defaultConfigurationName = Release;
		};
/* End XCConfigurationList section */

/* Begin XCRemoteSwiftPackageReference section */
		8D23399A29B493FE00DC484E /* XCRemoteSwiftPackageReference "OHHTTPStubs" */ = {
			isa = XCRemoteSwiftPackageReference;
			repositoryURL = "https://github.com/AliSoftware/OHHTTPStubs";
			requirement = {
				kind = upToNextMinorVersion;
				minimumVersion = 9.1.0;
			};
		};
		8DC5B43329AF91AD00A1E294 /* XCRemoteSwiftPackageReference "SDWebImage" */ = {
			isa = XCRemoteSwiftPackageReference;
			repositoryURL = "https://github.com/SDWebImage/SDWebImage";
			requirement = {
				kind = upToNextMinorVersion;
				minimumVersion = 5.9.0;
			};
		};
		8DCD28E929B3265500EE4015 /* XCRemoteSwiftPackageReference "swift-snapshot-testing" */ = {
			isa = XCRemoteSwiftPackageReference;
			repositoryURL = "https://github.com/pointfreeco/swift-snapshot-testing";
			requirement = {
				kind = upToNextMinorVersion;
				minimumVersion = 1.9.0;
			};
		};
/* End XCRemoteSwiftPackageReference section */

/* Begin XCSwiftPackageProductDependency section */
		8D23399B29B493FE00DC484E /* OHHTTPStubs */ = {
			isa = XCSwiftPackageProductDependency;
			package = 8D23399A29B493FE00DC484E /* XCRemoteSwiftPackageReference "OHHTTPStubs" */;
			productName = OHHTTPStubs;
		};
		8D23399D29B4955000DC484E /* OHHTTPStubsSwift */ = {
			isa = XCSwiftPackageProductDependency;
			package = 8D23399A29B493FE00DC484E /* XCRemoteSwiftPackageReference "OHHTTPStubs" */;
			productName = OHHTTPStubsSwift;
		};
		8D4FF1C029B3273D0062FE64 /* SDWebImage */ = {
			isa = XCSwiftPackageProductDependency;
			package = 8DC5B43329AF91AD00A1E294 /* XCRemoteSwiftPackageReference "SDWebImage" */;
			productName = SDWebImage;
		};
		8DC5B43429AF91AD00A1E294 /* SDWebImage */ = {
			isa = XCSwiftPackageProductDependency;
			package = 8DC5B43329AF91AD00A1E294 /* XCRemoteSwiftPackageReference "SDWebImage" */;
			productName = SDWebImage;
		};
		8DCD28ED29B326C000EE4015 /* SnapshotTesting */ = {
			isa = XCSwiftPackageProductDependency;
			package = 8DCD28E929B3265500EE4015 /* XCRemoteSwiftPackageReference "swift-snapshot-testing" */;
			productName = SnapshotTesting;
		};
/* End XCSwiftPackageProductDependency section */

/* Begin XCVersionGroup section */
		8D3E4C3829AEFA550052B4A6 /* ios_football_app.xcdatamodeld */ = {
			isa = XCVersionGroup;
			children = (
				8D3E4C3929AEFA550052B4A6 /* ios_football_app.xcdatamodel */,
			);
			currentVersion = 8D3E4C3929AEFA550052B4A6 /* ios_football_app.xcdatamodel */;
			path = ios_football_app.xcdatamodeld;
			sourceTree = "<group>";
			versionGroupType = wrapper.xcdatamodel;
		};
/* End XCVersionGroup section */
	};
	rootObject = 8D3E4C2429AEFA550052B4A6 /* Project object */;
}
