// !$*UTF8*$!
{
	archiveVersion = 1;
	classes = {
	};
	objectVersion = 56;
	objects = {

/* Begin PBXBuildFile section */
		8D3E4C3029AEFA550052B4A6 /* AppDelegate.swift in Sources */ = {isa = PBXBuildFile; fileRef = 8D3E4C2F29AEFA550052B4A6 /* AppDelegate.swift */; };
		8D3E4C3229AEFA550052B4A6 /* SceneDelegate.swift in Sources */ = {isa = PBXBuildFile; fileRef = 8D3E4C3129AEFA550052B4A6 /* SceneDelegate.swift */; };
		8D3E4C3429AEFA550052B4A6 /* MainTabBarController.swift in Sources */ = {isa = PBXBuildFile; fileRef = 8D3E4C3329AEFA550052B4A6 /* MainTabBarController.swift */; };
		8D3E4C3A29AEFA550052B4A6 /* ios_football_app.xcdatamodeld in Sources */ = {isa = PBXBuildFile; fileRef = 8D3E4C3829AEFA550052B4A6 /* ios_football_app.xcdatamodeld */; };
		8D3E4C3C29AEFA560052B4A6 /* Assets.xcassets in Resources */ = {isa = PBXBuildFile; fileRef = 8D3E4C3B29AEFA560052B4A6 /* Assets.xcassets */; };
		8D3E4C3F29AEFA560052B4A6 /* LaunchScreen.storyboard in Resources */ = {isa = PBXBuildFile; fileRef = 8D3E4C3D29AEFA560052B4A6 /* LaunchScreen.storyboard */; };
		8D3E4C4A29AF00D60052B4A6 /* MatchListController.swift in Sources */ = {isa = PBXBuildFile; fileRef = 8D3E4C4929AF00D60052B4A6 /* MatchListController.swift */; };
		8D65538D29B07B2000943793 /* TeamsController.swift in Sources */ = {isa = PBXBuildFile; fileRef = 8D65538C29B07B2000943793 /* TeamsController.swift */; };
		8D65538F29B213B700943793 /* TeamListService.swift in Sources */ = {isa = PBXBuildFile; fileRef = 8D65538E29B213B700943793 /* TeamListService.swift */; };
		8D65539129B21BAD00943793 /* TeamsViewModel.swift in Sources */ = {isa = PBXBuildFile; fileRef = 8D65539029B21BAD00943793 /* TeamsViewModel.swift */; };
		8D65539329B2246F00943793 /* MatchListService.swift in Sources */ = {isa = PBXBuildFile; fileRef = 8D65539229B2246F00943793 /* MatchListService.swift */; };
		8D65539529B2249F00943793 /* FilterScope.swift in Sources */ = {isa = PBXBuildFile; fileRef = 8D65539429B2249F00943793 /* FilterScope.swift */; };
		8D65539729B224B400943793 /* MatchListViewModel.swift in Sources */ = {isa = PBXBuildFile; fileRef = 8D65539629B224B400943793 /* MatchListViewModel.swift */; };
		8D65539929B224ED00943793 /* MatchesResponse.swift in Sources */ = {isa = PBXBuildFile; fileRef = 8D65539829B224ED00943793 /* MatchesResponse.swift */; };
		8D65539B29B2251A00943793 /* MatchHelper.swift in Sources */ = {isa = PBXBuildFile; fileRef = 8D65539A29B2251A00943793 /* MatchHelper.swift */; };
		8D65539D29B2252E00943793 /* TeamsResponse.swift in Sources */ = {isa = PBXBuildFile; fileRef = 8D65539C29B2252E00943793 /* TeamsResponse.swift */; };
		8D65539F29B2256300943793 /* TeamView.swift in Sources */ = {isa = PBXBuildFile; fileRef = 8D65539E29B2256300943793 /* TeamView.swift */; };
		8D6553A129B2258600943793 /* DateView.swift in Sources */ = {isa = PBXBuildFile; fileRef = 8D6553A029B2258600943793 /* DateView.swift */; };
		8D6553A329B225D500943793 /* MatchCell.swift in Sources */ = {isa = PBXBuildFile; fileRef = 8D6553A229B225D500943793 /* MatchCell.swift */; };
		8D6553A929B2273600943793 /* TeamDetailController.swift in Sources */ = {isa = PBXBuildFile; fileRef = 8D6553A829B2273600943793 /* TeamDetailController.swift */; };
		8D6553AB29B2278B00943793 /* TeamCell.swift in Sources */ = {isa = PBXBuildFile; fileRef = 8D6553AA29B2278B00943793 /* TeamCell.swift */; };
		8D6553AF29B2A30F00943793 /* UIImage+Extension.swift in Sources */ = {isa = PBXBuildFile; fileRef = 8D6553AE29B2A30F00943793 /* UIImage+Extension.swift */; };
		8DC5B43229AF7F3F00A1E294 /* SpacerView.swift in Sources */ = {isa = PBXBuildFile; fileRef = 8DC5B43129AF7F3F00A1E294 /* SpacerView.swift */; };
		8DC5B43529AF91AD00A1E294 /* SDWebImage in Frameworks */ = {isa = PBXBuildFile; productRef = 8DC5B43429AF91AD00A1E294 /* SDWebImage */; };
/* End PBXBuildFile section */

/* Begin PBXFileReference section */
		8D3E4C2C29AEFA550052B4A6 /* ios-football-app.app */ = {isa = PBXFileReference; explicitFileType = wrapper.application; includeInIndex = 0; path = "ios-football-app.app"; sourceTree = BUILT_PRODUCTS_DIR; };
		8D3E4C2F29AEFA550052B4A6 /* AppDelegate.swift */ = {isa = PBXFileReference; lastKnownFileType = sourcecode.swift; path = AppDelegate.swift; sourceTree = "<group>"; };
		8D3E4C3129AEFA550052B4A6 /* SceneDelegate.swift */ = {isa = PBXFileReference; lastKnownFileType = sourcecode.swift; path = SceneDelegate.swift; sourceTree = "<group>"; };
		8D3E4C3329AEFA550052B4A6 /* MainTabBarController.swift */ = {isa = PBXFileReference; lastKnownFileType = sourcecode.swift; path = MainTabBarController.swift; sourceTree = "<group>"; };
		8D3E4C3929AEFA550052B4A6 /* ios_football_app.xcdatamodel */ = {isa = PBXFileReference; lastKnownFileType = wrapper.xcdatamodel; path = ios_football_app.xcdatamodel; sourceTree = "<group>"; };
		8D3E4C3B29AEFA560052B4A6 /* Assets.xcassets */ = {isa = PBXFileReference; lastKnownFileType = folder.assetcatalog; path = Assets.xcassets; sourceTree = "<group>"; };
		8D3E4C3E29AEFA560052B4A6 /* Base */ = {isa = PBXFileReference; lastKnownFileType = file.storyboard; name = Base; path = Base.lproj/LaunchScreen.storyboard; sourceTree = "<group>"; };
		8D3E4C4029AEFA560052B4A6 /* Info.plist */ = {isa = PBXFileReference; lastKnownFileType = text.plist.xml; path = Info.plist; sourceTree = "<group>"; };
		8D3E4C4929AF00D60052B4A6 /* MatchListController.swift */ = {isa = PBXFileReference; lastKnownFileType = sourcecode.swift; path = MatchListController.swift; sourceTree = "<group>"; wrapsLines = 0; };
		8D65538C29B07B2000943793 /* TeamsController.swift */ = {isa = PBXFileReference; lastKnownFileType = sourcecode.swift; path = TeamsController.swift; sourceTree = "<group>"; };
		8D65538E29B213B700943793 /* TeamListService.swift */ = {isa = PBXFileReference; lastKnownFileType = sourcecode.swift; path = TeamListService.swift; sourceTree = "<group>"; };
		8D65539029B21BAD00943793 /* TeamsViewModel.swift */ = {isa = PBXFileReference; lastKnownFileType = sourcecode.swift; path = TeamsViewModel.swift; sourceTree = "<group>"; };
		8D65539229B2246F00943793 /* MatchListService.swift */ = {isa = PBXFileReference; lastKnownFileType = sourcecode.swift; path = MatchListService.swift; sourceTree = "<group>"; };
		8D65539429B2249F00943793 /* FilterScope.swift */ = {isa = PBXFileReference; lastKnownFileType = sourcecode.swift; path = FilterScope.swift; sourceTree = "<group>"; };
		8D65539629B224B400943793 /* MatchListViewModel.swift */ = {isa = PBXFileReference; lastKnownFileType = sourcecode.swift; path = MatchListViewModel.swift; sourceTree = "<group>"; };
		8D65539829B224ED00943793 /* MatchesResponse.swift */ = {isa = PBXFileReference; lastKnownFileType = sourcecode.swift; path = MatchesResponse.swift; sourceTree = "<group>"; };
		8D65539A29B2251A00943793 /* MatchHelper.swift */ = {isa = PBXFileReference; lastKnownFileType = sourcecode.swift; path = MatchHelper.swift; sourceTree = "<group>"; };
		8D65539C29B2252E00943793 /* TeamsResponse.swift */ = {isa = PBXFileReference; lastKnownFileType = sourcecode.swift; path = TeamsResponse.swift; sourceTree = "<group>"; };
		8D65539E29B2256300943793 /* TeamView.swift */ = {isa = PBXFileReference; lastKnownFileType = sourcecode.swift; path = TeamView.swift; sourceTree = "<group>"; };
		8D6553A029B2258600943793 /* DateView.swift */ = {isa = PBXFileReference; lastKnownFileType = sourcecode.swift; path = DateView.swift; sourceTree = "<group>"; };
		8D6553A229B225D500943793 /* MatchCell.swift */ = {isa = PBXFileReference; lastKnownFileType = sourcecode.swift; path = MatchCell.swift; sourceTree = "<group>"; };
		8D6553A829B2273600943793 /* TeamDetailController.swift */ = {isa = PBXFileReference; lastKnownFileType = sourcecode.swift; path = TeamDetailController.swift; sourceTree = "<group>"; };
		8D6553AA29B2278B00943793 /* TeamCell.swift */ = {isa = PBXFileReference; lastKnownFileType = sourcecode.swift; path = TeamCell.swift; sourceTree = "<group>"; };
		8D6553AE29B2A30F00943793 /* UIImage+Extension.swift */ = {isa = PBXFileReference; lastKnownFileType = sourcecode.swift; name = "UIImage+Extension.swift"; path = "ios-football-app/UIImage+Extension.swift"; sourceTree = SOURCE_ROOT; };
		8DC5B43129AF7F3F00A1E294 /* SpacerView.swift */ = {isa = PBXFileReference; lastKnownFileType = sourcecode.swift; path = SpacerView.swift; sourceTree = "<group>"; };
/* End PBXFileReference section */

/* Begin PBXFrameworksBuildPhase section */
		8D3E4C2929AEFA550052B4A6 /* Frameworks */ = {
			isa = PBXFrameworksBuildPhase;
			buildActionMask = 2147483647;
			files = (
				8DC5B43529AF91AD00A1E294 /* SDWebImage in Frameworks */,
			);
			runOnlyForDeploymentPostprocessing = 0;
		};
/* End PBXFrameworksBuildPhase section */

/* Begin PBXGroup section */
		8D3E4C2329AEFA550052B4A6 = {
			isa = PBXGroup;
			children = (
				8D3E4C2E29AEFA550052B4A6 /* ios-football-app */,
				8D3E4C2D29AEFA550052B4A6 /* Products */,
			);
			sourceTree = "<group>";
		};
		8D3E4C2D29AEFA550052B4A6 /* Products */ = {
			isa = PBXGroup;
			children = (
				8D3E4C2C29AEFA550052B4A6 /* ios-football-app.app */,
			);
			name = Products;
			sourceTree = "<group>";
		};
		8D3E4C2E29AEFA550052B4A6 /* ios-football-app */ = {
			isa = PBXGroup;
			children = (
				8D3E4C2F29AEFA550052B4A6 /* AppDelegate.swift */,
				8D3E4C3B29AEFA560052B4A6 /* Assets.xcassets */,
				8DC5B42F29AF7F1C00A1E294 /* Extension */,
				8D3E4C4029AEFA560052B4A6 /* Info.plist */,
				8D3E4C3829AEFA550052B4A6 /* ios_football_app.xcdatamodeld */,
				8D3E4C3D29AEFA560052B4A6 /* LaunchScreen.storyboard */,
				8D3E4C4729AF001A0052B4A6 /* MatchList */,
				8D3E4C3129AEFA550052B4A6 /* SceneDelegate.swift */,
				8D3E4C4629AEFFF70052B4A6 /* TabBarController */,
				8D6553AC29B2A27B00943793 /* TeamDetail */,
				8D3E4C4829AF00200052B4A6 /* TeamList */,
				8DC5B43029AF7F3500A1E294 /* View */,
			);
			path = "ios-football-app";
			sourceTree = "<group>";
		};
		8D3E4C4629AEFFF70052B4A6 /* TabBarController */ = {
			isa = PBXGroup;
			children = (
				8D3E4C3329AEFA550052B4A6 /* MainTabBarController.swift */,
			);
			path = TabBarController;
			sourceTree = "<group>";
		};
		8D3E4C4729AF001A0052B4A6 /* MatchList */ = {
			isa = PBXGroup;
			children = (
				8D65539429B2249F00943793 /* FilterScope.swift */,
				8D6553A229B225D500943793 /* MatchCell.swift */,
				8D65539829B224ED00943793 /* MatchesResponse.swift */,
				8D65539A29B2251A00943793 /* MatchHelper.swift */,
				8D3E4C4929AF00D60052B4A6 /* MatchListController.swift */,
				8D65539229B2246F00943793 /* MatchListService.swift */,
				8D65539629B224B400943793 /* MatchListViewModel.swift */,
			);
			path = MatchList;
			sourceTree = "<group>";
		};
		8D3E4C4829AF00200052B4A6 /* TeamList */ = {
			isa = PBXGroup;
			children = (
				8D6553A829B2273600943793 /* TeamDetailController.swift */,
				8D65538E29B213B700943793 /* TeamListService.swift */,
				8D65538C29B07B2000943793 /* TeamsController.swift */,
				8D65539C29B2252E00943793 /* TeamsResponse.swift */,
				8D65539029B21BAD00943793 /* TeamsViewModel.swift */,
				8D6553AA29B2278B00943793 /* TeamCell.swift */,
			);
			path = TeamList;
			sourceTree = "<group>";
		};
		8D6553AC29B2A27B00943793 /* TeamDetail */ = {
			isa = PBXGroup;
			children = (
			);
			path = TeamDetail;
			sourceTree = "<group>";
		};
		8DC5B42F29AF7F1C00A1E294 /* Extension */ = {
			isa = PBXGroup;
			children = (
				8D6553AE29B2A30F00943793 /* UIImage+Extension.swift */,
			);
			path = Extension;
			sourceTree = "<group>";
		};
		8DC5B43029AF7F3500A1E294 /* View */ = {
			isa = PBXGroup;
			children = (
				8D6553A029B2258600943793 /* DateView.swift */,
				8DC5B43129AF7F3F00A1E294 /* SpacerView.swift */,
				8D65539E29B2256300943793 /* TeamView.swift */,
			);
			path = View;
			sourceTree = "<group>";
		};
/* End PBXGroup section */

/* Begin PBXNativeTarget section */
		8D3E4C2B29AEFA550052B4A6 /* ios-football-app */ = {
			isa = PBXNativeTarget;
			buildConfigurationList = 8D3E4C4329AEFA560052B4A6 /* Build configuration list for PBXNativeTarget "ios-football-app" */;
			buildPhases = (
				8D3E4C2829AEFA550052B4A6 /* Sources */,
				8D3E4C2929AEFA550052B4A6 /* Frameworks */,
				8D3E4C2A29AEFA550052B4A6 /* Resources */,
			);
			buildRules = (
			);
			dependencies = (
			);
			name = "ios-football-app";
			packageProductDependencies = (
				8DC5B43429AF91AD00A1E294 /* SDWebImage */,
			);
			productName = "ios-football-app";
			productReference = 8D3E4C2C29AEFA550052B4A6 /* ios-football-app.app */;
			productType = "com.apple.product-type.application";
		};
/* End PBXNativeTarget section */

/* Begin PBXProject section */
		8D3E4C2429AEFA550052B4A6 /* Project object */ = {
			isa = PBXProject;
			attributes = {
				BuildIndependentTargetsInParallel = 1;
				LastSwiftUpdateCheck = 1420;
				LastUpgradeCheck = 1420;
				TargetAttributes = {
					8D3E4C2B29AEFA550052B4A6 = {
						CreatedOnToolsVersion = 14.2;
					};
				};
			};
			buildConfigurationList = 8D3E4C2729AEFA550052B4A6 /* Build configuration list for PBXProject "ios-football-app" */;
			compatibilityVersion = "Xcode 14.0";
			developmentRegion = en;
			hasScannedForEncodings = 0;
			knownRegions = (
				en,
				Base,
			);
			mainGroup = 8D3E4C2329AEFA550052B4A6;
			packageReferences = (
				8DC5B43329AF91AD00A1E294 /* XCRemoteSwiftPackageReference "SDWebImage" */,
			);
			productRefGroup = 8D3E4C2D29AEFA550052B4A6 /* Products */;
			projectDirPath = "";
			projectRoot = "";
			targets = (
				8D3E4C2B29AEFA550052B4A6 /* ios-football-app */,
			);
		};
/* End PBXProject section */

/* Begin PBXResourcesBuildPhase section */
		8D3E4C2A29AEFA550052B4A6 /* Resources */ = {
			isa = PBXResourcesBuildPhase;
			buildActionMask = 2147483647;
			files = (
				8D3E4C3F29AEFA560052B4A6 /* LaunchScreen.storyboard in Resources */,
				8D3E4C3C29AEFA560052B4A6 /* Assets.xcassets in Resources */,
			);
			runOnlyForDeploymentPostprocessing = 0;
		};
/* End PBXResourcesBuildPhase section */

/* Begin PBXSourcesBuildPhase section */
		8D3E4C2829AEFA550052B4A6 /* Sources */ = {
			isa = PBXSourcesBuildPhase;
			buildActionMask = 2147483647;
			files = (
				8D3E4C3429AEFA550052B4A6 /* MainTabBarController.swift in Sources */,
				8DC5B43229AF7F3F00A1E294 /* SpacerView.swift in Sources */,
				8D3E4C3029AEFA550052B4A6 /* AppDelegate.swift in Sources */,
				8D65539D29B2252E00943793 /* TeamsResponse.swift in Sources */,
				8D3E4C3A29AEFA550052B4A6 /* ios_football_app.xcdatamodeld in Sources */,
				8D65539729B224B400943793 /* MatchListViewModel.swift in Sources */,
				8D65538F29B213B700943793 /* TeamListService.swift in Sources */,
				8D65539329B2246F00943793 /* MatchListService.swift in Sources */,
				8D65539B29B2251A00943793 /* MatchHelper.swift in Sources */,
				8D6553AF29B2A30F00943793 /* UIImage+Extension.swift in Sources */,
				8D3E4C3229AEFA550052B4A6 /* SceneDelegate.swift in Sources */,
				8D6553A329B225D500943793 /* MatchCell.swift in Sources */,
				8D65539529B2249F00943793 /* FilterScope.swift in Sources */,
				8D65539F29B2256300943793 /* TeamView.swift in Sources */,
				8D65538D29B07B2000943793 /* TeamsController.swift in Sources */,
				8D3E4C4A29AF00D60052B4A6 /* MatchListController.swift in Sources */,
				8D6553A929B2273600943793 /* TeamDetailController.swift in Sources */,
				8D65539129B21BAD00943793 /* TeamsViewModel.swift in Sources */,
				8D6553AB29B2278B00943793 /* TeamCell.swift in Sources */,
				8D65539929B224ED00943793 /* MatchesResponse.swift in Sources */,
				8D6553A129B2258600943793 /* DateView.swift in Sources */,
			);
			runOnlyForDeploymentPostprocessing = 0;
		};
/* End PBXSourcesBuildPhase section */

/* Begin PBXVariantGroup section */
		8D3E4C3D29AEFA560052B4A6 /* LaunchScreen.storyboard */ = {
			isa = PBXVariantGroup;
			children = (
				8D3E4C3E29AEFA560052B4A6 /* Base */,
			);
			name = LaunchScreen.storyboard;
			sourceTree = "<group>";
		};
/* End PBXVariantGroup section */

/* Begin XCBuildConfiguration section */
		8D3E4C4129AEFA560052B4A6 /* Debug */ = {
			isa = XCBuildConfiguration;
			buildSettings = {
				ALWAYS_SEARCH_USER_PATHS = NO;
				CLANG_ANALYZER_NONNULL = YES;
				CLANG_ANALYZER_NUMBER_OBJECT_CONVERSION = YES_AGGRESSIVE;
				CLANG_CXX_LANGUAGE_STANDARD = "gnu++20";
				CLANG_ENABLE_MODULES = YES;
				CLANG_ENABLE_OBJC_ARC = YES;
				CLANG_ENABLE_OBJC_WEAK = YES;
				CLANG_WARN_BLOCK_CAPTURE_AUTORELEASING = YES;
				CLANG_WARN_BOOL_CONVERSION = YES;
				CLANG_WARN_COMMA = YES;
				CLANG_WARN_CONSTANT_CONVERSION = YES;
				CLANG_WARN_DEPRECATED_OBJC_IMPLEMENTATIONS = YES;
				CLANG_WARN_DIRECT_OBJC_ISA_USAGE = YES_ERROR;
				CLANG_WARN_DOCUMENTATION_COMMENTS = YES;
				CLANG_WARN_EMPTY_BODY = YES;
				CLANG_WARN_ENUM_CONVERSION = YES;
				CLANG_WARN_INFINITE_RECURSION = YES;
				CLANG_WARN_INT_CONVERSION = YES;
				CLANG_WARN_NON_LITERAL_NULL_CONVERSION = YES;
				CLANG_WARN_OBJC_IMPLICIT_RETAIN_SELF = YES;
				CLANG_WARN_OBJC_LITERAL_CONVERSION = YES;
				CLANG_WARN_OBJC_ROOT_CLASS = YES_ERROR;
				CLANG_WARN_QUOTED_INCLUDE_IN_FRAMEWORK_HEADER = YES;
				CLANG_WARN_RANGE_LOOP_ANALYSIS = YES;
				CLANG_WARN_STRICT_PROTOTYPES = YES;
				CLANG_WARN_SUSPICIOUS_MOVE = YES;
				CLANG_WARN_UNGUARDED_AVAILABILITY = YES_AGGRESSIVE;
				CLANG_WARN_UNREACHABLE_CODE = YES;
				CLANG_WARN__DUPLICATE_METHOD_MATCH = YES;
				COPY_PHASE_STRIP = NO;
				DEBUG_INFORMATION_FORMAT = dwarf;
				ENABLE_STRICT_OBJC_MSGSEND = YES;
				ENABLE_TESTABILITY = YES;
				GCC_C_LANGUAGE_STANDARD = gnu11;
				GCC_DYNAMIC_NO_PIC = NO;
				GCC_NO_COMMON_BLOCKS = YES;
				GCC_OPTIMIZATION_LEVEL = 0;
				GCC_PREPROCESSOR_DEFINITIONS = (
					"DEBUG=1",
					"$(inherited)",
				);
				GCC_WARN_64_TO_32_BIT_CONVERSION = YES;
				GCC_WARN_ABOUT_RETURN_TYPE = YES_ERROR;
				GCC_WARN_UNDECLARED_SELECTOR = YES;
				GCC_WARN_UNINITIALIZED_AUTOS = YES_AGGRESSIVE;
				GCC_WARN_UNUSED_FUNCTION = YES;
				GCC_WARN_UNUSED_VARIABLE = YES;
				IPHONEOS_DEPLOYMENT_TARGET = 16.2;
				MTL_ENABLE_DEBUG_INFO = INCLUDE_SOURCE;
				MTL_FAST_MATH = YES;
				ONLY_ACTIVE_ARCH = YES;
				SDKROOT = iphoneos;
				SWIFT_ACTIVE_COMPILATION_CONDITIONS = DEBUG;
				SWIFT_OPTIMIZATION_LEVEL = "-Onone";
			};
			name = Debug;
		};
		8D3E4C4229AEFA560052B4A6 /* Release */ = {
			isa = XCBuildConfiguration;
			buildSettings = {
				ALWAYS_SEARCH_USER_PATHS = NO;
				CLANG_ANALYZER_NONNULL = YES;
				CLANG_ANALYZER_NUMBER_OBJECT_CONVERSION = YES_AGGRESSIVE;
				CLANG_CXX_LANGUAGE_STANDARD = "gnu++20";
				CLANG_ENABLE_MODULES = YES;
				CLANG_ENABLE_OBJC_ARC = YES;
				CLANG_ENABLE_OBJC_WEAK = YES;
				CLANG_WARN_BLOCK_CAPTURE_AUTORELEASING = YES;
				CLANG_WARN_BOOL_CONVERSION = YES;
				CLANG_WARN_COMMA = YES;
				CLANG_WARN_CONSTANT_CONVERSION = YES;
				CLANG_WARN_DEPRECATED_OBJC_IMPLEMENTATIONS = YES;
				CLANG_WARN_DIRECT_OBJC_ISA_USAGE = YES_ERROR;
				CLANG_WARN_DOCUMENTATION_COMMENTS = YES;
				CLANG_WARN_EMPTY_BODY = YES;
				CLANG_WARN_ENUM_CONVERSION = YES;
				CLANG_WARN_INFINITE_RECURSION = YES;
				CLANG_WARN_INT_CONVERSION = YES;
				CLANG_WARN_NON_LITERAL_NULL_CONVERSION = YES;
				CLANG_WARN_OBJC_IMPLICIT_RETAIN_SELF = YES;
				CLANG_WARN_OBJC_LITERAL_CONVERSION = YES;
				CLANG_WARN_OBJC_ROOT_CLASS = YES_ERROR;
				CLANG_WARN_QUOTED_INCLUDE_IN_FRAMEWORK_HEADER = YES;
				CLANG_WARN_RANGE_LOOP_ANALYSIS = YES;
				CLANG_WARN_STRICT_PROTOTYPES = YES;
				CLANG_WARN_SUSPICIOUS_MOVE = YES;
				CLANG_WARN_UNGUARDED_AVAILABILITY = YES_AGGRESSIVE;
				CLANG_WARN_UNREACHABLE_CODE = YES;
				CLANG_WARN__DUPLICATE_METHOD_MATCH = YES;
				COPY_PHASE_STRIP = NO;
				DEBUG_INFORMATION_FORMAT = "dwarf-with-dsym";
				ENABLE_NS_ASSERTIONS = NO;
				ENABLE_STRICT_OBJC_MSGSEND = YES;
				GCC_C_LANGUAGE_STANDARD = gnu11;
				GCC_NO_COMMON_BLOCKS = YES;
				GCC_WARN_64_TO_32_BIT_CONVERSION = YES;
				GCC_WARN_ABOUT_RETURN_TYPE = YES_ERROR;
				GCC_WARN_UNDECLARED_SELECTOR = YES;
				GCC_WARN_UNINITIALIZED_AUTOS = YES_AGGRESSIVE;
				GCC_WARN_UNUSED_FUNCTION = YES;
				GCC_WARN_UNUSED_VARIABLE = YES;
				IPHONEOS_DEPLOYMENT_TARGET = 16.2;
				MTL_ENABLE_DEBUG_INFO = NO;
				MTL_FAST_MATH = YES;
				SDKROOT = iphoneos;
				SWIFT_COMPILATION_MODE = wholemodule;
				SWIFT_OPTIMIZATION_LEVEL = "-O";
				VALIDATE_PRODUCT = YES;
			};
			name = Release;
		};
		8D3E4C4429AEFA560052B4A6 /* Debug */ = {
			isa = XCBuildConfiguration;
			buildSettings = {
				ASSETCATALOG_COMPILER_APPICON_NAME = AppIcon;
				ASSETCATALOG_COMPILER_GLOBAL_ACCENT_COLOR_NAME = AccentColor;
				CODE_SIGN_STYLE = Automatic;
				CURRENT_PROJECT_VERSION = 1;
				GENERATE_INFOPLIST_FILE = YES;
				INFOPLIST_FILE = "ios-football-app/Info.plist";
				INFOPLIST_KEY_UIApplicationSupportsIndirectInputEvents = YES;
				INFOPLIST_KEY_UILaunchStoryboardName = LaunchScreen;
				INFOPLIST_KEY_UISupportedInterfaceOrientations_iPad = "UIInterfaceOrientationPortrait UIInterfaceOrientationPortraitUpsideDown UIInterfaceOrientationLandscapeLeft UIInterfaceOrientationLandscapeRight";
				INFOPLIST_KEY_UISupportedInterfaceOrientations_iPhone = "UIInterfaceOrientationPortrait UIInterfaceOrientationLandscapeLeft UIInterfaceOrientationLandscapeRight";
				LD_RUNPATH_SEARCH_PATHS = (
					"$(inherited)",
					"@executable_path/Frameworks",
				);
				MARKETING_VERSION = 1.0;
				PRODUCT_BUNDLE_IDENTIFIER = "com.ios-football-app";
				PRODUCT_NAME = "$(TARGET_NAME)";
				SWIFT_EMIT_LOC_STRINGS = YES;
				SWIFT_VERSION = 5.0;
				TARGETED_DEVICE_FAMILY = "1,2";
			};
			name = Debug;
		};
		8D3E4C4529AEFA560052B4A6 /* Release */ = {
			isa = XCBuildConfiguration;
			buildSettings = {
				ASSETCATALOG_COMPILER_APPICON_NAME = AppIcon;
				ASSETCATALOG_COMPILER_GLOBAL_ACCENT_COLOR_NAME = AccentColor;
				CODE_SIGN_STYLE = Automatic;
				CURRENT_PROJECT_VERSION = 1;
				GENERATE_INFOPLIST_FILE = YES;
				INFOPLIST_FILE = "ios-football-app/Info.plist";
				INFOPLIST_KEY_UIApplicationSupportsIndirectInputEvents = YES;
				INFOPLIST_KEY_UILaunchStoryboardName = LaunchScreen;
				INFOPLIST_KEY_UISupportedInterfaceOrientations_iPad = "UIInterfaceOrientationPortrait UIInterfaceOrientationPortraitUpsideDown UIInterfaceOrientationLandscapeLeft UIInterfaceOrientationLandscapeRight";
				INFOPLIST_KEY_UISupportedInterfaceOrientations_iPhone = "UIInterfaceOrientationPortrait UIInterfaceOrientationLandscapeLeft UIInterfaceOrientationLandscapeRight";
				LD_RUNPATH_SEARCH_PATHS = (
					"$(inherited)",
					"@executable_path/Frameworks",
				);
				MARKETING_VERSION = 1.0;
				PRODUCT_BUNDLE_IDENTIFIER = "com.ios-football-app";
				PRODUCT_NAME = "$(TARGET_NAME)";
				SWIFT_EMIT_LOC_STRINGS = YES;
				SWIFT_VERSION = 5.0;
				TARGETED_DEVICE_FAMILY = "1,2";
			};
			name = Release;
		};
/* End XCBuildConfiguration section */

/* Begin XCConfigurationList section */
		8D3E4C2729AEFA550052B4A6 /* Build configuration list for PBXProject "ios-football-app" */ = {
			isa = XCConfigurationList;
			buildConfigurations = (
				8D3E4C4129AEFA560052B4A6 /* Debug */,
				8D3E4C4229AEFA560052B4A6 /* Release */,
			);
			defaultConfigurationIsVisible = 0;
			defaultConfigurationName = Release;
		};
		8D3E4C4329AEFA560052B4A6 /* Build configuration list for PBXNativeTarget "ios-football-app" */ = {
			isa = XCConfigurationList;
			buildConfigurations = (
				8D3E4C4429AEFA560052B4A6 /* Debug */,
				8D3E4C4529AEFA560052B4A6 /* Release */,
			);
			defaultConfigurationIsVisible = 0;
			defaultConfigurationName = Release;
		};
/* End XCConfigurationList section */

/* Begin XCRemoteSwiftPackageReference section */
		8DC5B43329AF91AD00A1E294 /* XCRemoteSwiftPackageReference "SDWebImage" */ = {
			isa = XCRemoteSwiftPackageReference;
			repositoryURL = "https://github.com/SDWebImage/SDWebImage";
			requirement = {
				kind = upToNextMinorVersion;
				minimumVersion = 5.9.0;
			};
		};
/* End XCRemoteSwiftPackageReference section */

/* Begin XCSwiftPackageProductDependency section */
		8DC5B43429AF91AD00A1E294 /* SDWebImage */ = {
			isa = XCSwiftPackageProductDependency;
			package = 8DC5B43329AF91AD00A1E294 /* XCRemoteSwiftPackageReference "SDWebImage" */;
			productName = SDWebImage;
		};
/* End XCSwiftPackageProductDependency section */

/* Begin XCVersionGroup section */
		8D3E4C3829AEFA550052B4A6 /* ios_football_app.xcdatamodeld */ = {
			isa = XCVersionGroup;
			children = (
				8D3E4C3929AEFA550052B4A6 /* ios_football_app.xcdatamodel */,
			);
			currentVersion = 8D3E4C3929AEFA550052B4A6 /* ios_football_app.xcdatamodel */;
			path = ios_football_app.xcdatamodeld;
			sourceTree = "<group>";
			versionGroupType = wrapper.xcdatamodel;
		};
/* End XCVersionGroup section */
	};
	rootObject = 8D3E4C2429AEFA550052B4A6 /* Project object */;
}
